// !$*UTF8*$!
{
	archiveVersion = 1;
	classes = {
	};
	objectVersion = 46;
	objects = {

/* Begin PBXBuildFile section */
		159167ED874F3F9613E5A869 /* Pods_pokefinder.framework in Frameworks */ = {isa = PBXBuildFile; fileRef = 488AA84B5F906383CBEEE5A8 /* Pods_pokefinder.framework */; };
		344445561E78093F001E3594 /* AppDelegate.swift in Sources */ = {isa = PBXBuildFile; fileRef = 344445551E78093F001E3594 /* AppDelegate.swift */; };
		344445581E78093F001E3594 /* ViewController.swift in Sources */ = {isa = PBXBuildFile; fileRef = 344445571E78093F001E3594 /* ViewController.swift */; };
		3444455B1E78093F001E3594 /* Main.storyboard in Resources */ = {isa = PBXBuildFile; fileRef = 344445591E78093F001E3594 /* Main.storyboard */; };
		3444455D1E78093F001E3594 /* Assets.xcassets in Resources */ = {isa = PBXBuildFile; fileRef = 3444455C1E78093F001E3594 /* Assets.xcassets */; };
		344445601E78093F001E3594 /* LaunchScreen.storyboard in Resources */ = {isa = PBXBuildFile; fileRef = 3444455E1E78093F001E3594 /* LaunchScreen.storyboard */; };
		344445681E780959001E3594 /* GoogleService-Info.plist in Resources */ = {isa = PBXBuildFile; fileRef = 344445671E780959001E3594 /* GoogleService-Info.plist */; };
		3444457B1E780A5D001E3594 /* GeoFire.m in Sources */ = {isa = PBXBuildFile; fileRef = 344445721E780A5D001E3594 /* GeoFire.m */; };
		3444457C1E780A5D001E3594 /* GFBase32Utils.m in Sources */ = {isa = PBXBuildFile; fileRef = 344445741E780A5D001E3594 /* GFBase32Utils.m */; };
		3444457D1E780A5D001E3594 /* GFGeoHash.m in Sources */ = {isa = PBXBuildFile; fileRef = 344445761E780A5D001E3594 /* GFGeoHash.m */; };
		3444457E1E780A5D001E3594 /* GFGeoHashQuery.m in Sources */ = {isa = PBXBuildFile; fileRef = 344445781E780A5D001E3594 /* GFGeoHashQuery.m */; };
		3444457F1E780A5D001E3594 /* GFQuery.m in Sources */ = {isa = PBXBuildFile; fileRef = 3444457A1E780A5D001E3594 /* GFQuery.m */; };
		34B262E91E7817E4007781F6 /* PokeAnnotation.swift in Sources */ = {isa = PBXBuildFile; fileRef = 34B262E81E7817E4007781F6 /* PokeAnnotation.swift */; };
/* End PBXBuildFile section */

/* Begin PBXFileReference section */
		344445521E78093F001E3594 /* pokefinder.app */ = {isa = PBXFileReference; explicitFileType = wrapper.application; includeInIndex = 0; path = pokefinder.app; sourceTree = BUILT_PRODUCTS_DIR; };
		344445551E78093F001E3594 /* AppDelegate.swift */ = {isa = PBXFileReference; lastKnownFileType = sourcecode.swift; path = AppDelegate.swift; sourceTree = "<group>"; };
		344445571E78093F001E3594 /* ViewController.swift */ = {isa = PBXFileReference; lastKnownFileType = sourcecode.swift; path = ViewController.swift; sourceTree = "<group>"; };
		3444455A1E78093F001E3594 /* Base */ = {isa = PBXFileReference; lastKnownFileType = file.storyboard; name = Base; path = Base.lproj/Main.storyboard; sourceTree = "<group>"; };
		3444455C1E78093F001E3594 /* Assets.xcassets */ = {isa = PBXFileReference; lastKnownFileType = folder.assetcatalog; path = Assets.xcassets; sourceTree = "<group>"; };
		3444455F1E78093F001E3594 /* Base */ = {isa = PBXFileReference; lastKnownFileType = file.storyboard; name = Base; path = Base.lproj/LaunchScreen.storyboard; sourceTree = "<group>"; };
		344445611E78093F001E3594 /* Info.plist */ = {isa = PBXFileReference; lastKnownFileType = text.plist.xml; path = Info.plist; sourceTree = "<group>"; };
		344445671E780959001E3594 /* GoogleService-Info.plist */ = {isa = PBXFileReference; fileEncoding = 4; lastKnownFileType = text.plist.xml; path = "GoogleService-Info.plist"; sourceTree = "<group>"; };
		3444456B1E780A5D001E3594 /* GeoFire.h */ = {isa = PBXFileReference; fileEncoding = 4; lastKnownFileType = sourcecode.c.h; path = GeoFire.h; sourceTree = "<group>"; };
		3444456C1E780A5D001E3594 /* GFCircleQuery.h */ = {isa = PBXFileReference; fileEncoding = 4; lastKnownFileType = sourcecode.c.h; path = GFCircleQuery.h; sourceTree = "<group>"; };
		3444456D1E780A5D001E3594 /* GFQuery.h */ = {isa = PBXFileReference; fileEncoding = 4; lastKnownFileType = sourcecode.c.h; path = GFQuery.h; sourceTree = "<group>"; };
		3444456E1E780A5D001E3594 /* GFRegionQuery.h */ = {isa = PBXFileReference; fileEncoding = 4; lastKnownFileType = sourcecode.c.h; path = GFRegionQuery.h; sourceTree = "<group>"; };
		3444456F1E780A5D001E3594 /* GeoFire-Prefix.pch */ = {isa = PBXFileReference; fileEncoding = 4; lastKnownFileType = sourcecode.c.h; path = "GeoFire-Prefix.pch"; sourceTree = "<group>"; };
		344445711E780A5D001E3594 /* GeoFire+Private.h */ = {isa = PBXFileReference; fileEncoding = 4; lastKnownFileType = sourcecode.c.h; path = "GeoFire+Private.h"; sourceTree = "<group>"; };
		344445721E780A5D001E3594 /* GeoFire.m */ = {isa = PBXFileReference; fileEncoding = 4; lastKnownFileType = sourcecode.c.objc; path = GeoFire.m; sourceTree = "<group>"; };
		344445731E780A5D001E3594 /* GFBase32Utils.h */ = {isa = PBXFileReference; fileEncoding = 4; lastKnownFileType = sourcecode.c.h; path = GFBase32Utils.h; sourceTree = "<group>"; };
		344445741E780A5D001E3594 /* GFBase32Utils.m */ = {isa = PBXFileReference; fileEncoding = 4; lastKnownFileType = sourcecode.c.objc; path = GFBase32Utils.m; sourceTree = "<group>"; };
		344445751E780A5D001E3594 /* GFGeoHash.h */ = {isa = PBXFileReference; fileEncoding = 4; lastKnownFileType = sourcecode.c.h; path = GFGeoHash.h; sourceTree = "<group>"; };
		344445761E780A5D001E3594 /* GFGeoHash.m */ = {isa = PBXFileReference; fileEncoding = 4; lastKnownFileType = sourcecode.c.objc; path = GFGeoHash.m; sourceTree = "<group>"; };
		344445771E780A5D001E3594 /* GFGeoHashQuery.h */ = {isa = PBXFileReference; fileEncoding = 4; lastKnownFileType = sourcecode.c.h; path = GFGeoHashQuery.h; sourceTree = "<group>"; };
		344445781E780A5D001E3594 /* GFGeoHashQuery.m */ = {isa = PBXFileReference; fileEncoding = 4; lastKnownFileType = sourcecode.c.objc; path = GFGeoHashQuery.m; sourceTree = "<group>"; };
		344445791E780A5D001E3594 /* GFQuery+Private.h */ = {isa = PBXFileReference; fileEncoding = 4; lastKnownFileType = sourcecode.c.h; path = "GFQuery+Private.h"; sourceTree = "<group>"; };
		3444457A1E780A5D001E3594 /* GFQuery.m */ = {isa = PBXFileReference; fileEncoding = 4; lastKnownFileType = sourcecode.c.objc; path = GFQuery.m; sourceTree = "<group>"; };
		344445831E780BE4001E3594 /* PokeFinder-Bridging-Header.h */ = {isa = PBXFileReference; fileEncoding = 4; lastKnownFileType = sourcecode.c.h; path = "PokeFinder-Bridging-Header.h"; sourceTree = "<group>"; };
		34B262E81E7817E4007781F6 /* PokeAnnotation.swift */ = {isa = PBXFileReference; fileEncoding = 4; lastKnownFileType = sourcecode.swift; path = PokeAnnotation.swift; sourceTree = "<group>"; };
		488AA84B5F906383CBEEE5A8 /* Pods_pokefinder.framework */ = {isa = PBXFileReference; explicitFileType = wrapper.framework; includeInIndex = 0; path = Pods_pokefinder.framework; sourceTree = BUILT_PRODUCTS_DIR; };
		510EF783471BDB1EAAAB37CC /* Pods-pokefinder.release.xcconfig */ = {isa = PBXFileReference; includeInIndex = 1; lastKnownFileType = text.xcconfig; name = "Pods-pokefinder.release.xcconfig"; path = "Pods/Target Support Files/Pods-pokefinder/Pods-pokefinder.release.xcconfig"; sourceTree = "<group>"; };
		D98B5001CCCACC8A4FDE4B21 /* Pods-pokefinder.debug.xcconfig */ = {isa = PBXFileReference; includeInIndex = 1; lastKnownFileType = text.xcconfig; name = "Pods-pokefinder.debug.xcconfig"; path = "Pods/Target Support Files/Pods-pokefinder/Pods-pokefinder.debug.xcconfig"; sourceTree = "<group>"; };
/* End PBXFileReference section */

/* Begin PBXFrameworksBuildPhase section */
		3444454F1E78093F001E3594 /* Frameworks */ = {
			isa = PBXFrameworksBuildPhase;
			buildActionMask = 2147483647;
			files = (
				159167ED874F3F9613E5A869 /* Pods_pokefinder.framework in Frameworks */,
			);
			runOnlyForDeploymentPostprocessing = 0;
		};
/* End PBXFrameworksBuildPhase section */

/* Begin PBXGroup section */
		19DF7CE0D444201C2B7CD918 /* Pods */ = {
			isa = PBXGroup;
			children = (
				D98B5001CCCACC8A4FDE4B21 /* Pods-pokefinder.debug.xcconfig */,
				510EF783471BDB1EAAAB37CC /* Pods-pokefinder.release.xcconfig */,
			);
			name = Pods;
			sourceTree = "<group>";
		};
		344445491E78093F001E3594 = {
			isa = PBXGroup;
			children = (
				344445541E78093F001E3594 /* pokefinder */,
				344445531E78093F001E3594 /* Products */,
				19DF7CE0D444201C2B7CD918 /* Pods */,
				75D76D3561242EC09BD1F665 /* Frameworks */,
			);
			sourceTree = "<group>";
		};
		344445531E78093F001E3594 /* Products */ = {
			isa = PBXGroup;
			children = (
				344445521E78093F001E3594 /* pokefinder.app */,
			);
			name = Products;
			sourceTree = "<group>";
		};
		344445541E78093F001E3594 /* pokefinder */ = {
			isa = PBXGroup;
			children = (
				34B262E71E7817C1007781F6 /* View */,
				34B262E61E7817BA007781F6 /* Model */,
				34B262E51E7817B3007781F6 /* Controller */,
				344445691E780A5D001E3594 /* GeoFire */,
				344445551E78093F001E3594 /* AppDelegate.swift */,
				344445591E78093F001E3594 /* Main.storyboard */,
				3444455C1E78093F001E3594 /* Assets.xcassets */,
				3444455E1E78093F001E3594 /* LaunchScreen.storyboard */,
				344445611E78093F001E3594 /* Info.plist */,
				344445671E780959001E3594 /* GoogleService-Info.plist */,
				344445831E780BE4001E3594 /* PokeFinder-Bridging-Header.h */,
			);
			path = pokefinder;
			sourceTree = "<group>";
		};
		344445691E780A5D001E3594 /* GeoFire */ = {
			isa = PBXGroup;
			children = (
				3444456A1E780A5D001E3594 /* API */,
				3444456F1E780A5D001E3594 /* GeoFire-Prefix.pch */,
				344445701E780A5D001E3594 /* Implementation */,
			);
			path = GeoFire;
			sourceTree = "<group>";
		};
		3444456A1E780A5D001E3594 /* API */ = {
			isa = PBXGroup;
			children = (
				3444456B1E780A5D001E3594 /* GeoFire.h */,
				3444456C1E780A5D001E3594 /* GFCircleQuery.h */,
				3444456D1E780A5D001E3594 /* GFQuery.h */,
				3444456E1E780A5D001E3594 /* GFRegionQuery.h */,
			);
			path = API;
			sourceTree = "<group>";
		};
		344445701E780A5D001E3594 /* Implementation */ = {
			isa = PBXGroup;
			children = (
				344445711E780A5D001E3594 /* GeoFire+Private.h */,
				344445721E780A5D001E3594 /* GeoFire.m */,
				344445731E780A5D001E3594 /* GFBase32Utils.h */,
				344445741E780A5D001E3594 /* GFBase32Utils.m */,
				344445751E780A5D001E3594 /* GFGeoHash.h */,
				344445761E780A5D001E3594 /* GFGeoHash.m */,
				344445771E780A5D001E3594 /* GFGeoHashQuery.h */,
				344445781E780A5D001E3594 /* GFGeoHashQuery.m */,
				344445791E780A5D001E3594 /* GFQuery+Private.h */,
				3444457A1E780A5D001E3594 /* GFQuery.m */,
			);
			path = Implementation;
			sourceTree = "<group>";
		};
		34B262E51E7817B3007781F6 /* Controller */ = {
			isa = PBXGroup;
			children = (
				344445571E78093F001E3594 /* ViewController.swift */,
			);
			name = Controller;
			sourceTree = "<group>";
		};
		34B262E61E7817BA007781F6 /* Model */ = {
			isa = PBXGroup;
			children = (
				34B262E81E7817E4007781F6 /* PokeAnnotation.swift */,
			);
			name = Model;
			sourceTree = "<group>";
		};
		34B262E71E7817C1007781F6 /* View */ = {
			isa = PBXGroup;
			children = (
			);
			name = View;
			sourceTree = "<group>";
		};
		75D76D3561242EC09BD1F665 /* Frameworks */ = {
			isa = PBXGroup;
			children = (
				488AA84B5F906383CBEEE5A8 /* Pods_pokefinder.framework */,
			);
			name = Frameworks;
			sourceTree = "<group>";
		};
/* End PBXGroup section */

/* Begin PBXNativeTarget section */
		344445511E78093F001E3594 /* pokefinder */ = {
			isa = PBXNativeTarget;
			buildConfigurationList = 344445641E78093F001E3594 /* Build configuration list for PBXNativeTarget "pokefinder" */;
			buildPhases = (
				F0AB27904423D8E6CBF3C522 /* [CP] Check Pods Manifest.lock */,
				3444454E1E78093F001E3594 /* Sources */,
				3444454F1E78093F001E3594 /* Frameworks */,
				344445501E78093F001E3594 /* Resources */,
				54D1CBC599E7B55008629ACE /* [CP] Embed Pods Frameworks */,
				F9F2F2E4A19BCE1E6CCEF0C1 /* [CP] Copy Pods Resources */,
			);
			buildRules = (
			);
			dependencies = (
			);
			name = pokefinder;
			productName = pokefinder;
			productReference = 344445521E78093F001E3594 /* pokefinder.app */;
			productType = "com.apple.product-type.application";
		};
/* End PBXNativeTarget section */

/* Begin PBXProject section */
		3444454A1E78093F001E3594 /* Project object */ = {
			isa = PBXProject;
			attributes = {
				LastSwiftUpdateCheck = 0820;
				LastUpgradeCheck = 0820;
				ORGANIZATIONNAME = TokyoIceHockeyChannel;
				TargetAttributes = {
					344445511E78093F001E3594 = {
						CreatedOnToolsVersion = 8.2.1;
						DevelopmentTeam = Y94U73RFC7;
						ProvisioningStyle = Automatic;
					};
				};
			};
			buildConfigurationList = 3444454D1E78093F001E3594 /* Build configuration list for PBXProject "pokefinder" */;
			compatibilityVersion = "Xcode 3.2";
			developmentRegion = English;
			hasScannedForEncodings = 0;
			knownRegions = (
				en,
				Base,
			);
			mainGroup = 344445491E78093F001E3594;
			productRefGroup = 344445531E78093F001E3594 /* Products */;
			projectDirPath = "";
			projectRoot = "";
			targets = (
				344445511E78093F001E3594 /* pokefinder */,
			);
		};
/* End PBXProject section */

/* Begin PBXResourcesBuildPhase section */
		344445501E78093F001E3594 /* Resources */ = {
			isa = PBXResourcesBuildPhase;
			buildActionMask = 2147483647;
			files = (
				344445681E780959001E3594 /* GoogleService-Info.plist in Resources */,
				344445601E78093F001E3594 /* LaunchScreen.storyboard in Resources */,
				3444455D1E78093F001E3594 /* Assets.xcassets in Resources */,
				3444455B1E78093F001E3594 /* Main.storyboard in Resources */,
			);
			runOnlyForDeploymentPostprocessing = 0;
		};
/* End PBXResourcesBuildPhase section */

/* Begin PBXShellScriptBuildPhase section */
		54D1CBC599E7B55008629ACE /* [CP] Embed Pods Frameworks */ = {
			isa = PBXShellScriptBuildPhase;
			buildActionMask = 2147483647;
			files = (
			);
			inputPaths = (
			);
			name = "[CP] Embed Pods Frameworks";
			outputPaths = (
			);
			runOnlyForDeploymentPostprocessing = 0;
			shellPath = /bin/sh;
			shellScript = "\"${SRCROOT}/Pods/Target Support Files/Pods-pokefinder/Pods-pokefinder-frameworks.sh\"\n";
			showEnvVarsInLog = 0;
		};
		F0AB27904423D8E6CBF3C522 /* [CP] Check Pods Manifest.lock */ = {
			isa = PBXShellScriptBuildPhase;
			buildActionMask = 2147483647;
			files = (
			);
			inputPaths = (
			);
			name = "[CP] Check Pods Manifest.lock";
			outputPaths = (
			);
			runOnlyForDeploymentPostprocessing = 0;
			shellPath = /bin/sh;
			shellScript = "diff \"${PODS_ROOT}/../Podfile.lock\" \"${PODS_ROOT}/Manifest.lock\" > /dev/null\nif [ $? != 0 ] ; then\n    # print error to STDERR\n    echo \"error: The sandbox is not in sync with the Podfile.lock. Run 'pod install' or update your CocoaPods installation.\" >&2\n    exit 1\nfi\n";
			showEnvVarsInLog = 0;
		};
		F9F2F2E4A19BCE1E6CCEF0C1 /* [CP] Copy Pods Resources */ = {
			isa = PBXShellScriptBuildPhase;
			buildActionMask = 2147483647;
			files = (
			);
			inputPaths = (
			);
			name = "[CP] Copy Pods Resources";
			outputPaths = (
			);
			runOnlyForDeploymentPostprocessing = 0;
			shellPath = /bin/sh;
			shellScript = "\"${SRCROOT}/Pods/Target Support Files/Pods-pokefinder/Pods-pokefinder-resources.sh\"\n";
			showEnvVarsInLog = 0;
		};
/* End PBXShellScriptBuildPhase section */

/* Begin PBXSourcesBuildPhase section */
		3444454E1E78093F001E3594 /* Sources */ = {
			isa = PBXSourcesBuildPhase;
			buildActionMask = 2147483647;
			files = (
				3444457C1E780A5D001E3594 /* GFBase32Utils.m in Sources */,
				34B262E91E7817E4007781F6 /* PokeAnnotation.swift in Sources */,
				344445581E78093F001E3594 /* ViewController.swift in Sources */,
				3444457D1E780A5D001E3594 /* GFGeoHash.m in Sources */,
				344445561E78093F001E3594 /* AppDelegate.swift in Sources */,
				3444457B1E780A5D001E3594 /* GeoFire.m in Sources */,
				3444457E1E780A5D001E3594 /* GFGeoHashQuery.m in Sources */,
				3444457F1E780A5D001E3594 /* GFQuery.m in Sources */,
			);
			runOnlyForDeploymentPostprocessing = 0;
		};
/* End PBXSourcesBuildPhase section */

/* Begin PBXVariantGroup section */
		344445591E78093F001E3594 /* Main.storyboard */ = {
			isa = PBXVariantGroup;
			children = (
				3444455A1E78093F001E3594 /* Base */,
			);
			name = Main.storyboard;
			sourceTree = "<group>";
		};
		3444455E1E78093F001E3594 /* LaunchScreen.storyboard */ = {
			isa = PBXVariantGroup;
			children = (
				3444455F1E78093F001E3594 /* Base */,
			);
			name = LaunchScreen.storyboard;
			sourceTree = "<group>";
		};
/* End PBXVariantGroup section */

/* Begin XCBuildConfiguration section */
		344445621E78093F001E3594 /* Debug */ = {
			isa = XCBuildConfiguration;
			buildSettings = {
				ALWAYS_SEARCH_USER_PATHS = NO;
				CLANG_ANALYZER_NONNULL = YES;
				CLANG_CXX_LANGUAGE_STANDARD = "gnu++0x";
				CLANG_CXX_LIBRARY = "libc++";
				CLANG_ENABLE_MODULES = YES;
				CLANG_ENABLE_OBJC_ARC = YES;
				CLANG_WARN_BOOL_CONVERSION = YES;
				CLANG_WARN_CONSTANT_CONVERSION = YES;
				CLANG_WARN_DIRECT_OBJC_ISA_USAGE = YES_ERROR;
				CLANG_WARN_DOCUMENTATION_COMMENTS = YES;
				CLANG_WARN_EMPTY_BODY = YES;
				CLANG_WARN_ENUM_CONVERSION = YES;
				CLANG_WARN_INFINITE_RECURSION = YES;
				CLANG_WARN_INT_CONVERSION = YES;
				CLANG_WARN_OBJC_ROOT_CLASS = YES_ERROR;
				CLANG_WARN_SUSPICIOUS_MOVE = YES;
				CLANG_WARN_UNREACHABLE_CODE = YES;
				CLANG_WARN__DUPLICATE_METHOD_MATCH = YES;
				"CODE_SIGN_IDENTITY[sdk=iphoneos*]" = "iPhone Developer";
				COPY_PHASE_STRIP = NO;
				DEBUG_INFORMATION_FORMAT = dwarf;
				ENABLE_STRICT_OBJC_MSGSEND = YES;
				ENABLE_TESTABILITY = YES;
				GCC_C_LANGUAGE_STANDARD = gnu99;
				GCC_DYNAMIC_NO_PIC = NO;
				GCC_NO_COMMON_BLOCKS = YES;
				GCC_OPTIMIZATION_LEVEL = 0;
				GCC_PREPROCESSOR_DEFINITIONS = (
					"DEBUG=1",
					"$(inherited)",
				);
				GCC_WARN_64_TO_32_BIT_CONVERSION = YES;
				GCC_WARN_ABOUT_RETURN_TYPE = YES_ERROR;
				GCC_WARN_UNDECLARED_SELECTOR = YES;
				GCC_WARN_UNINITIALIZED_AUTOS = YES_AGGRESSIVE;
				GCC_WARN_UNUSED_FUNCTION = YES;
				GCC_WARN_UNUSED_VARIABLE = YES;
				IPHONEOS_DEPLOYMENT_TARGET = 10.2;
				MTL_ENABLE_DEBUG_INFO = YES;
				ONLY_ACTIVE_ARCH = YES;
				SDKROOT = iphoneos;
				SWIFT_ACTIVE_COMPILATION_CONDITIONS = DEBUG;
				SWIFT_OPTIMIZATION_LEVEL = "-Onone";
			};
			name = Debug;
		};
		344445631E78093F001E3594 /* Release */ = {
			isa = XCBuildConfiguration;
			buildSettings = {
				ALWAYS_SEARCH_USER_PATHS = NO;
				CLANG_ANALYZER_NONNULL = YES;
				CLANG_CXX_LANGUAGE_STANDARD = "gnu++0x";
				CLANG_CXX_LIBRARY = "libc++";
				CLANG_ENABLE_MODULES = YES;
				CLANG_ENABLE_OBJC_ARC = YES;
				CLANG_WARN_BOOL_CONVERSION = YES;
				CLANG_WARN_CONSTANT_CONVERSION = YES;
				CLANG_WARN_DIRECT_OBJC_ISA_USAGE = YES_ERROR;
				CLANG_WARN_DOCUMENTATION_COMMENTS = YES;
				CLANG_WARN_EMPTY_BODY = YES;
				CLANG_WARN_ENUM_CONVERSION = YES;
				CLANG_WARN_INFINITE_RECURSION = YES;
				CLANG_WARN_INT_CONVERSION = YES;
				CLANG_WARN_OBJC_ROOT_CLASS = YES_ERROR;
				CLANG_WARN_SUSPICIOUS_MOVE = YES;
				CLANG_WARN_UNREACHABLE_CODE = YES;
				CLANG_WARN__DUPLICATE_METHOD_MATCH = YES;
				"CODE_SIGN_IDENTITY[sdk=iphoneos*]" = "iPhone Developer";
				COPY_PHASE_STRIP = NO;
				DEBUG_INFORMATION_FORMAT = "dwarf-with-dsym";
				ENABLE_NS_ASSERTIONS = NO;
				ENABLE_STRICT_OBJC_MSGSEND = YES;
				GCC_C_LANGUAGE_STANDARD = gnu99;
				GCC_NO_COMMON_BLOCKS = YES;
				GCC_WARN_64_TO_32_BIT_CONVERSION = YES;
				GCC_WARN_ABOUT_RETURN_TYPE = YES_ERROR;
				GCC_WARN_UNDECLARED_SELECTOR = YES;
				GCC_WARN_UNINITIALIZED_AUTOS = YES_AGGRESSIVE;
				GCC_WARN_UNUSED_FUNCTION = YES;
				GCC_WARN_UNUSED_VARIABLE = YES;
				IPHONEOS_DEPLOYMENT_TARGET = 10.2;
				MTL_ENABLE_DEBUG_INFO = NO;
				SDKROOT = iphoneos;
				SWIFT_OPTIMIZATION_LEVEL = "-Owholemodule";
				VALIDATE_PRODUCT = YES;
			};
			name = Release;
		};
		344445651E78093F001E3594 /* Debug */ = {
			isa = XCBuildConfiguration;
			baseConfigurationReference = D98B5001CCCACC8A4FDE4B21 /* Pods-pokefinder.debug.xcconfig */;
			buildSettings = {
				ASSETCATALOG_COMPILER_APPICON_NAME = AppIcon;
				DEVELOPMENT_TEAM = Y94U73RFC7;
				INFOPLIST_FILE = pokefinder/Info.plist;
				LD_RUNPATH_SEARCH_PATHS = "$(inherited) @executable_path/Frameworks";
				PRODUCT_BUNDLE_IDENTIFIER = com.resports.pokefinder;
				PRODUCT_NAME = "$(TARGET_NAME)";
				SWIFT_OBJC_BRIDGING_HEADER = "pokefinder/PokeFinder-Bridging-Header.h";
				SWIFT_VERSION = 3.0;
			};
			name = Debug;
		};
		344445661E78093F001E3594 /* Release */ = {
			isa = XCBuildConfiguration;
			baseConfigurationReference = 510EF783471BDB1EAAAB37CC /* Pods-pokefinder.release.xcconfig */;
			buildSettings = {
				ASSETCATALOG_COMPILER_APPICON_NAME = AppIcon;
				DEVELOPMENT_TEAM = Y94U73RFC7;
				INFOPLIST_FILE = pokefinder/Info.plist;
				LD_RUNPATH_SEARCH_PATHS = "$(inherited) @executable_path/Frameworks";
				PRODUCT_BUNDLE_IDENTIFIER = com.resports.pokefinder;
				PRODUCT_NAME = "$(TARGET_NAME)";
				SWIFT_OBJC_BRIDGING_HEADER = "pokefinder/PokeFinder-Bridging-Header.h";
				SWIFT_VERSION = 3.0;
			};
			name = Release;
		};
/* End XCBuildConfiguration section */

/* Begin XCConfigurationList section */
		3444454D1E78093F001E3594 /* Build configuration list for PBXProject "pokefinder" */ = {
			isa = XCConfigurationList;
			buildConfigurations = (
				344445621E78093F001E3594 /* Debug */,
				344445631E78093F001E3594 /* Release */,
			);
			defaultConfigurationIsVisible = 0;
			defaultConfigurationName = Release;
		};
		344445641E78093F001E3594 /* Build configuration list for PBXNativeTarget "pokefinder" */ = {
			isa = XCConfigurationList;
			buildConfigurations = (
				344445651E78093F001E3594 /* Debug */,
				344445661E78093F001E3594 /* Release */,
			);
			defaultConfigurationIsVisible = 0;
			defaultConfigurationName = Release;
		};
/* End XCConfigurationList section */
	};
	rootObject = 3444454A1E78093F001E3594 /* Project object */;
}
